// !$*UTF8*$!
{
	archiveVersion = 1;
	classes = {
	};
	objectVersion = 50;
	objects = {

/* Begin PBXBuildFile section */
		6713DB8E257BA2B20068B394 /* UI_63App.swift in Sources */ = {isa = PBXBuildFile; fileRef = 6713DB8D257BA2B20068B394 /* UI_63App.swift */; };
		6713DB90257BA2B30068B394 /* ContentView.swift in Sources */ = {isa = PBXBuildFile; fileRef = 6713DB8F257BA2B30068B394 /* ContentView.swift */; };
		6713DB92257BA2B30068B394 /* Assets.xcassets in Resources */ = {isa = PBXBuildFile; fileRef = 6713DB91257BA2B30068B394 /* Assets.xcassets */; };
		6713DB95257BA2B30068B394 /* Preview Assets.xcassets in Resources */ = {isa = PBXBuildFile; fileRef = 6713DB94257BA2B30068B394 /* Preview Assets.xcassets */; };
		6713DBA0257BA2B30068B394 /* UI_63Tests.swift in Sources */ = {isa = PBXBuildFile; fileRef = 6713DB9F257BA2B30068B394 /* UI_63Tests.swift */; };
		6713DBAB257BA2B30068B394 /* UI_63UITests.swift in Sources */ = {isa = PBXBuildFile; fileRef = 6713DBAA257BA2B30068B394 /* UI_63UITests.swift */; };
		6713DBBE257BA2E90068B394 /* HomeViewModel.swift in Sources */ = {isa = PBXBuildFile; fileRef = 6713DBBD257BA2E90068B394 /* HomeViewModel.swift */; };
		6713DBC6257BA3810068B394 /* ImagePicker.swift in Sources */ = {isa = PBXBuildFile; fileRef = 6713DBC5257BA3810068B394 /* ImagePicker.swift */; };
		6713DBCB257BA5BA0068B394 /* Home.swift in Sources */ = {isa = PBXBuildFile; fileRef = 6713DBCA257BA5BA0068B394 /* Home.swift */; };
		6713DBD0257BA9D20068B394 /* FilterdImage.swift in Sources */ = {isa = PBXBuildFile; fileRef = 6713DBCF257BA9D20068B394 /* FilterdImage.swift */; };
/* End PBXBuildFile section */

/* Begin PBXContainerItemProxy section */
		6713DB9C257BA2B30068B394 /* PBXContainerItemProxy */ = {
			isa = PBXContainerItemProxy;
			containerPortal = 6713DB82257BA2B20068B394 /* Project object */;
			proxyType = 1;
			remoteGlobalIDString = 6713DB89257BA2B20068B394;
			remoteInfo = "UI-63";
		};
		6713DBA7257BA2B30068B394 /* PBXContainerItemProxy */ = {
			isa = PBXContainerItemProxy;
			containerPortal = 6713DB82257BA2B20068B394 /* Project object */;
			proxyType = 1;
			remoteGlobalIDString = 6713DB89257BA2B20068B394;
			remoteInfo = "UI-63";
		};
/* End PBXContainerItemProxy section */

/* Begin PBXFileReference section */
		6713DB8A257BA2B20068B394 /* UI-63.app */ = {isa = PBXFileReference; explicitFileType = wrapper.application; includeInIndex = 0; path = "UI-63.app"; sourceTree = BUILT_PRODUCTS_DIR; };
		6713DB8D257BA2B20068B394 /* UI_63App.swift */ = {isa = PBXFileReference; lastKnownFileType = sourcecode.swift; path = UI_63App.swift; sourceTree = "<group>"; };
		6713DB8F257BA2B30068B394 /* ContentView.swift */ = {isa = PBXFileReference; lastKnownFileType = sourcecode.swift; path = ContentView.swift; sourceTree = "<group>"; };
		6713DB91257BA2B30068B394 /* Assets.xcassets */ = {isa = PBXFileReference; lastKnownFileType = folder.assetcatalog; path = Assets.xcassets; sourceTree = "<group>"; };
		6713DB94257BA2B30068B394 /* Preview Assets.xcassets */ = {isa = PBXFileReference; lastKnownFileType = folder.assetcatalog; path = "Preview Assets.xcassets"; sourceTree = "<group>"; };
		6713DB96257BA2B30068B394 /* Info.plist */ = {isa = PBXFileReference; lastKnownFileType = text.plist.xml; path = Info.plist; sourceTree = "<group>"; };
		6713DB9B257BA2B30068B394 /* UI-63Tests.xctest */ = {isa = PBXFileReference; explicitFileType = wrapper.cfbundle; includeInIndex = 0; path = "UI-63Tests.xctest"; sourceTree = BUILT_PRODUCTS_DIR; };
		6713DB9F257BA2B30068B394 /* UI_63Tests.swift */ = {isa = PBXFileReference; lastKnownFileType = sourcecode.swift; path = UI_63Tests.swift; sourceTree = "<group>"; };
		6713DBA1257BA2B30068B394 /* Info.plist */ = {isa = PBXFileReference; lastKnownFileType = text.plist.xml; path = Info.plist; sourceTree = "<group>"; };
		6713DBA6257BA2B30068B394 /* UI-63UITests.xctest */ = {isa = PBXFileReference; explicitFileType = wrapper.cfbundle; includeInIndex = 0; path = "UI-63UITests.xctest"; sourceTree = BUILT_PRODUCTS_DIR; };
		6713DBAA257BA2B30068B394 /* UI_63UITests.swift */ = {isa = PBXFileReference; lastKnownFileType = sourcecode.swift; path = UI_63UITests.swift; sourceTree = "<group>"; };
		6713DBAC257BA2B30068B394 /* Info.plist */ = {isa = PBXFileReference; lastKnownFileType = text.plist.xml; path = Info.plist; sourceTree = "<group>"; };
		6713DBBD257BA2E90068B394 /* HomeViewModel.swift */ = {isa = PBXFileReference; lastKnownFileType = sourcecode.swift; path = HomeViewModel.swift; sourceTree = "<group>"; };
		6713DBC5257BA3810068B394 /* ImagePicker.swift */ = {isa = PBXFileReference; lastKnownFileType = sourcecode.swift; path = ImagePicker.swift; sourceTree = "<group>"; };
		6713DBCA257BA5BA0068B394 /* Home.swift */ = {isa = PBXFileReference; lastKnownFileType = sourcecode.swift; path = Home.swift; sourceTree = "<group>"; };
		6713DBCF257BA9D20068B394 /* FilterdImage.swift */ = {isa = PBXFileReference; lastKnownFileType = sourcecode.swift; path = FilterdImage.swift; sourceTree = "<group>"; };
/* End PBXFileReference section */

/* Begin PBXFrameworksBuildPhase section */
		6713DB87257BA2B20068B394 /* Frameworks */ = {
			isa = PBXFrameworksBuildPhase;
			buildActionMask = 2147483647;
			files = (
			);
			runOnlyForDeploymentPostprocessing = 0;
		};
		6713DB98257BA2B30068B394 /* Frameworks */ = {
			isa = PBXFrameworksBuildPhase;
			buildActionMask = 2147483647;
			files = (
			);
			runOnlyForDeploymentPostprocessing = 0;
		};
		6713DBA3257BA2B30068B394 /* Frameworks */ = {
			isa = PBXFrameworksBuildPhase;
			buildActionMask = 2147483647;
			files = (
			);
			runOnlyForDeploymentPostprocessing = 0;
		};
/* End PBXFrameworksBuildPhase section */

/* Begin PBXGroup section */
		6713DB81257BA2B20068B394 = {
			isa = PBXGroup;
			children = (
				6713DB8C257BA2B20068B394 /* UI-63 */,
				6713DB9E257BA2B30068B394 /* UI-63Tests */,
				6713DBA9257BA2B30068B394 /* UI-63UITests */,
				6713DB8B257BA2B20068B394 /* Products */,
			);
			sourceTree = "<group>";
		};
		6713DB8B257BA2B20068B394 /* Products */ = {
			isa = PBXGroup;
			children = (
				6713DB8A257BA2B20068B394 /* UI-63.app */,
				6713DB9B257BA2B30068B394 /* UI-63Tests.xctest */,
				6713DBA6257BA2B30068B394 /* UI-63UITests.xctest */,
			);
			name = Products;
			sourceTree = "<group>";
		};
		6713DB8C257BA2B20068B394 /* UI-63 */ = {
			isa = PBXGroup;
			children = (
				6713DBBC257BA2C90068B394 /* model */,
				6713DBBB257BA2C10068B394 /* View */,
				6713DB8D257BA2B20068B394 /* UI_63App.swift */,
				6713DB8F257BA2B30068B394 /* ContentView.swift */,
				6713DB91257BA2B30068B394 /* Assets.xcassets */,
				6713DB96257BA2B30068B394 /* Info.plist */,
				6713DB93257BA2B30068B394 /* Preview Content */,
			);
			path = "UI-63";
			sourceTree = "<group>";
		};
		6713DB93257BA2B30068B394 /* Preview Content */ = {
			isa = PBXGroup;
			children = (
				6713DB94257BA2B30068B394 /* Preview Assets.xcassets */,
			);
			path = "Preview Content";
			sourceTree = "<group>";
		};
		6713DB9E257BA2B30068B394 /* UI-63Tests */ = {
			isa = PBXGroup;
			children = (
				6713DB9F257BA2B30068B394 /* UI_63Tests.swift */,
				6713DBA1257BA2B30068B394 /* Info.plist */,
			);
			path = "UI-63Tests";
			sourceTree = "<group>";
		};
		6713DBA9257BA2B30068B394 /* UI-63UITests */ = {
			isa = PBXGroup;
			children = (
				6713DBAA257BA2B30068B394 /* UI_63UITests.swift */,
				6713DBAC257BA2B30068B394 /* Info.plist */,
			);
			path = "UI-63UITests";
			sourceTree = "<group>";
		};
		6713DBBB257BA2C10068B394 /* View */ = {
			isa = PBXGroup;
			children = (
				6713DBC5257BA3810068B394 /* ImagePicker.swift */,
				6713DBCA257BA5BA0068B394 /* Home.swift */,
			);
			path = View;
			sourceTree = "<group>";
		};
		6713DBBC257BA2C90068B394 /* model */ = {
			isa = PBXGroup;
			children = (
				6713DBBD257BA2E90068B394 /* HomeViewModel.swift */,
				6713DBCF257BA9D20068B394 /* FilterdImage.swift */,
			);
			path = model;
			sourceTree = "<group>";
		};
/* End PBXGroup section */

/* Begin PBXNativeTarget section */
		6713DB89257BA2B20068B394 /* UI-63 */ = {
			isa = PBXNativeTarget;
			buildConfigurationList = 6713DBAF257BA2B30068B394 /* Build configuration list for PBXNativeTarget "UI-63" */;
			buildPhases = (
				6713DB86257BA2B20068B394 /* Sources */,
				6713DB87257BA2B20068B394 /* Frameworks */,
				6713DB88257BA2B20068B394 /* Resources */,
			);
			buildRules = (
			);
			dependencies = (
			);
			name = "UI-63";
			productName = "UI-63";
			productReference = 6713DB8A257BA2B20068B394 /* UI-63.app */;
			productType = "com.apple.product-type.application";
		};
		6713DB9A257BA2B30068B394 /* UI-63Tests */ = {
			isa = PBXNativeTarget;
			buildConfigurationList = 6713DBB2257BA2B30068B394 /* Build configuration list for PBXNativeTarget "UI-63Tests" */;
			buildPhases = (
				6713DB97257BA2B30068B394 /* Sources */,
				6713DB98257BA2B30068B394 /* Frameworks */,
				6713DB99257BA2B30068B394 /* Resources */,
			);
			buildRules = (
			);
			dependencies = (
				6713DB9D257BA2B30068B394 /* PBXTargetDependency */,
			);
			name = "UI-63Tests";
			productName = "UI-63Tests";
			productReference = 6713DB9B257BA2B30068B394 /* UI-63Tests.xctest */;
			productType = "com.apple.product-type.bundle.unit-test";
		};
		6713DBA5257BA2B30068B394 /* UI-63UITests */ = {
			isa = PBXNativeTarget;
			buildConfigurationList = 6713DBB5257BA2B30068B394 /* Build configuration list for PBXNativeTarget "UI-63UITests" */;
			buildPhases = (
				6713DBA2257BA2B30068B394 /* Sources */,
				6713DBA3257BA2B30068B394 /* Frameworks */,
				6713DBA4257BA2B30068B394 /* Resources */,
			);
			buildRules = (
			);
			dependencies = (
				6713DBA8257BA2B30068B394 /* PBXTargetDependency */,
			);
			name = "UI-63UITests";
			productName = "UI-63UITests";
			productReference = 6713DBA6257BA2B30068B394 /* UI-63UITests.xctest */;
			productType = "com.apple.product-type.bundle.ui-testing";
		};
/* End PBXNativeTarget section */

/* Begin PBXProject section */
		6713DB82257BA2B20068B394 /* Project object */ = {
			isa = PBXProject;
			attributes = {
				LastSwiftUpdateCheck = 1220;
				LastUpgradeCheck = 1220;
				TargetAttributes = {
					6713DB89257BA2B20068B394 = {
						CreatedOnToolsVersion = 12.2;
					};
					6713DB9A257BA2B30068B394 = {
						CreatedOnToolsVersion = 12.2;
						TestTargetID = 6713DB89257BA2B20068B394;
					};
					6713DBA5257BA2B30068B394 = {
						CreatedOnToolsVersion = 12.2;
						TestTargetID = 6713DB89257BA2B20068B394;
					};
				};
			};
			buildConfigurationList = 6713DB85257BA2B20068B394 /* Build configuration list for PBXProject "UI-63" */;
			compatibilityVersion = "Xcode 9.3";
			developmentRegion = en;
			hasScannedForEncodings = 0;
			knownRegions = (
				en,
				Base,
			);
			mainGroup = 6713DB81257BA2B20068B394;
			productRefGroup = 6713DB8B257BA2B20068B394 /* Products */;
			projectDirPath = "";
			projectRoot = "";
			targets = (
				6713DB89257BA2B20068B394 /* UI-63 */,
				6713DB9A257BA2B30068B394 /* UI-63Tests */,
				6713DBA5257BA2B30068B394 /* UI-63UITests */,
			);
		};
/* End PBXProject section */

/* Begin PBXResourcesBuildPhase section */
		6713DB88257BA2B20068B394 /* Resources */ = {
			isa = PBXResourcesBuildPhase;
			buildActionMask = 2147483647;
			files = (
				6713DB95257BA2B30068B394 /* Preview Assets.xcassets in Resources */,
				6713DB92257BA2B30068B394 /* Assets.xcassets in Resources */,
			);
			runOnlyForDeploymentPostprocessing = 0;
		};
		6713DB99257BA2B30068B394 /* Resources */ = {
			isa = PBXResourcesBuildPhase;
			buildActionMask = 2147483647;
			files = (
			);
			runOnlyForDeploymentPostprocessing = 0;
		};
		6713DBA4257BA2B30068B394 /* Resources */ = {
			isa = PBXResourcesBuildPhase;
			buildActionMask = 2147483647;
			files = (
			);
			runOnlyForDeploymentPostprocessing = 0;
		};
/* End PBXResourcesBuildPhase section */

/* Begin PBXSourcesBuildPhase section */
		6713DB86257BA2B20068B394 /* Sources */ = {
			isa = PBXSourcesBuildPhase;
			buildActionMask = 2147483647;
			files = (
				6713DB90257BA2B30068B394 /* ContentView.swift in Sources */,
				6713DBC6257BA3810068B394 /* ImagePicker.swift in Sources */,
				6713DBD0257BA9D20068B394 /* FilterdImage.swift in Sources */,
				6713DBCB257BA5BA0068B394 /* Home.swift in Sources */,
				6713DBBE257BA2E90068B394 /* HomeViewModel.swift in Sources */,
				6713DB8E257BA2B20068B394 /* UI_63App.swift in Sources */,
			);
			runOnlyForDeploymentPostprocessing = 0;
		};
		6713DB97257BA2B30068B394 /* Sources */ = {
			isa = PBXSourcesBuildPhase;
			buildActionMask = 2147483647;
			files = (
				6713DBA0257BA2B30068B394 /* UI_63Tests.swift in Sources */,
			);
			runOnlyForDeploymentPostprocessing = 0;
		};
		6713DBA2257BA2B30068B394 /* Sources */ = {
			isa = PBXSourcesBuildPhase;
			buildActionMask = 2147483647;
			files = (
				6713DBAB257BA2B30068B394 /* UI_63UITests.swift in Sources */,
			);
			runOnlyForDeploymentPostprocessing = 0;
		};
/* End PBXSourcesBuildPhase section */

/* Begin PBXTargetDependency section */
		6713DB9D257BA2B30068B394 /* PBXTargetDependency */ = {
			isa = PBXTargetDependency;
			target = 6713DB89257BA2B20068B394 /* UI-63 */;
			targetProxy = 6713DB9C257BA2B30068B394 /* PBXContainerItemProxy */;
		};
		6713DBA8257BA2B30068B394 /* PBXTargetDependency */ = {
			isa = PBXTargetDependency;
			target = 6713DB89257BA2B20068B394 /* UI-63 */;
			targetProxy = 6713DBA7257BA2B30068B394 /* PBXContainerItemProxy */;
		};
/* End PBXTargetDependency section */

/* Begin XCBuildConfiguration section */
		6713DBAD257BA2B30068B394 /* Debug */ = {
			isa = XCBuildConfiguration;
			buildSettings = {
				ALWAYS_SEARCH_USER_PATHS = NO;
				CLANG_ANALYZER_NONNULL = YES;
				CLANG_ANALYZER_NUMBER_OBJECT_CONVERSION = YES_AGGRESSIVE;
				CLANG_CXX_LANGUAGE_STANDARD = "gnu++14";
				CLANG_CXX_LIBRARY = "libc++";
				CLANG_ENABLE_MODULES = YES;
				CLANG_ENABLE_OBJC_ARC = YES;
				CLANG_ENABLE_OBJC_WEAK = YES;
				CLANG_WARN_BLOCK_CAPTURE_AUTORELEASING = YES;
				CLANG_WARN_BOOL_CONVERSION = YES;
				CLANG_WARN_COMMA = YES;
				CLANG_WARN_CONSTANT_CONVERSION = YES;
				CLANG_WARN_DEPRECATED_OBJC_IMPLEMENTATIONS = YES;
				CLANG_WARN_DIRECT_OBJC_ISA_USAGE = YES_ERROR;
				CLANG_WARN_DOCUMENTATION_COMMENTS = YES;
				CLANG_WARN_EMPTY_BODY = YES;
				CLANG_WARN_ENUM_CONVERSION = YES;
				CLANG_WARN_INFINITE_RECURSION = YES;
				CLANG_WARN_INT_CONVERSION = YES;
				CLANG_WARN_NON_LITERAL_NULL_CONVERSION = YES;
				CLANG_WARN_OBJC_IMPLICIT_RETAIN_SELF = YES;
				CLANG_WARN_OBJC_LITERAL_CONVERSION = YES;
				CLANG_WARN_OBJC_ROOT_CLASS = YES_ERROR;
				CLANG_WARN_QUOTED_INCLUDE_IN_FRAMEWORK_HEADER = YES;
				CLANG_WARN_RANGE_LOOP_ANALYSIS = YES;
				CLANG_WARN_STRICT_PROTOTYPES = YES;
				CLANG_WARN_SUSPICIOUS_MOVE = YES;
				CLANG_WARN_UNGUARDED_AVAILABILITY = YES_AGGRESSIVE;
				CLANG_WARN_UNREACHABLE_CODE = YES;
				CLANG_WARN__DUPLICATE_METHOD_MATCH = YES;
				COPY_PHASE_STRIP = NO;
				DEBUG_INFORMATION_FORMAT = dwarf;
				ENABLE_STRICT_OBJC_MSGSEND = YES;
				ENABLE_TESTABILITY = YES;
				GCC_C_LANGUAGE_STANDARD = gnu11;
				GCC_DYNAMIC_NO_PIC = NO;
				GCC_NO_COMMON_BLOCKS = YES;
				GCC_OPTIMIZATION_LEVEL = 0;
				GCC_PREPROCESSOR_DEFINITIONS = (
					"DEBUG=1",
					"$(inherited)",
				);
				GCC_WARN_64_TO_32_BIT_CONVERSION = YES;
				GCC_WARN_ABOUT_RETURN_TYPE = YES_ERROR;
				GCC_WARN_UNDECLARED_SELECTOR = YES;
				GCC_WARN_UNINITIALIZED_AUTOS = YES_AGGRESSIVE;
				GCC_WARN_UNUSED_FUNCTION = YES;
				GCC_WARN_UNUSED_VARIABLE = YES;
				IPHONEOS_DEPLOYMENT_TARGET = 14.2;
				MTL_ENABLE_DEBUG_INFO = INCLUDE_SOURCE;
				MTL_FAST_MATH = YES;
				ONLY_ACTIVE_ARCH = YES;
				SDKROOT = iphoneos;
				SWIFT_ACTIVE_COMPILATION_CONDITIONS = DEBUG;
				SWIFT_OPTIMIZATION_LEVEL = "-Onone";
			};
			name = Debug;
		};
		6713DBAE257BA2B30068B394 /* Release */ = {
			isa = XCBuildConfiguration;
			buildSettings = {
				ALWAYS_SEARCH_USER_PATHS = NO;
				CLANG_ANALYZER_NONNULL = YES;
				CLANG_ANALYZER_NUMBER_OBJECT_CONVERSION = YES_AGGRESSIVE;
				CLANG_CXX_LANGUAGE_STANDARD = "gnu++14";
				CLANG_CXX_LIBRARY = "libc++";
				CLANG_ENABLE_MODULES = YES;
				CLANG_ENABLE_OBJC_ARC = YES;
				CLANG_ENABLE_OBJC_WEAK = YES;
				CLANG_WARN_BLOCK_CAPTURE_AUTORELEASING = YES;
				CLANG_WARN_BOOL_CONVERSION = YES;
				CLANG_WARN_COMMA = YES;
				CLANG_WARN_CONSTANT_CONVERSION = YES;
				CLANG_WARN_DEPRECATED_OBJC_IMPLEMENTATIONS = YES;
				CLANG_WARN_DIRECT_OBJC_ISA_USAGE = YES_ERROR;
				CLANG_WARN_DOCUMENTATION_COMMENTS = YES;
				CLANG_WARN_EMPTY_BODY = YES;
				CLANG_WARN_ENUM_CONVERSION = YES;
				CLANG_WARN_INFINITE_RECURSION = YES;
				CLANG_WARN_INT_CONVERSION = YES;
				CLANG_WARN_NON_LITERAL_NULL_CONVERSION = YES;
				CLANG_WARN_OBJC_IMPLICIT_RETAIN_SELF = YES;
				CLANG_WARN_OBJC_LITERAL_CONVERSION = YES;
				CLANG_WARN_OBJC_ROOT_CLASS = YES_ERROR;
				CLANG_WARN_QUOTED_INCLUDE_IN_FRAMEWORK_HEADER = YES;
				CLANG_WARN_RANGE_LOOP_ANALYSIS = YES;
				CLANG_WARN_STRICT_PROTOTYPES = YES;
				CLANG_WARN_SUSPICIOUS_MOVE = YES;
				CLANG_WARN_UNGUARDED_AVAILABILITY = YES_AGGRESSIVE;
				CLANG_WARN_UNREACHABLE_CODE = YES;
				CLANG_WARN__DUPLICATE_METHOD_MATCH = YES;
				COPY_PHASE_STRIP = NO;
				DEBUG_INFORMATION_FORMAT = "dwarf-with-dsym";
				ENABLE_NS_ASSERTIONS = NO;
				ENABLE_STRICT_OBJC_MSGSEND = YES;
				GCC_C_LANGUAGE_STANDARD = gnu11;
				GCC_NO_COMMON_BLOCKS = YES;
				GCC_WARN_64_TO_32_BIT_CONVERSION = YES;
				GCC_WARN_ABOUT_RETURN_TYPE = YES_ERROR;
				GCC_WARN_UNDECLARED_SELECTOR = YES;
				GCC_WARN_UNINITIALIZED_AUTOS = YES_AGGRESSIVE;
				GCC_WARN_UNUSED_FUNCTION = YES;
				GCC_WARN_UNUSED_VARIABLE = YES;
				IPHONEOS_DEPLOYMENT_TARGET = 14.2;
				MTL_ENABLE_DEBUG_INFO = NO;
				MTL_FAST_MATH = YES;
				SDKROOT = iphoneos;
				SWIFT_COMPILATION_MODE = wholemodule;
				SWIFT_OPTIMIZATION_LEVEL = "-O";
				VALIDATE_PRODUCT = YES;
			};
			name = Release;
		};
		6713DBB0257BA2B30068B394 /* Debug */ = {
			isa = XCBuildConfiguration;
			buildSettings = {
				ASSETCATALOG_COMPILER_APPICON_NAME = AppIcon;
				ASSETCATALOG_COMPILER_GLOBAL_ACCENT_COLOR_NAME = AccentColor;
				CODE_SIGN_STYLE = Automatic;
				DEVELOPMENT_ASSET_PATHS = "\"UI-63/Preview Content\"";
				ENABLE_PREVIEWS = YES;
				INFOPLIST_FILE = "UI-63/Info.plist";
				IPHONEOS_DEPLOYMENT_TARGET = 14.0;
				LD_RUNPATH_SEARCH_PATHS = (
					"$(inherited)",
					"@executable_path/Frameworks",
				);
				PRODUCT_BUNDLE_IDENTIFIER = "com.uzu.UI-63";
				PRODUCT_NAME = "$(TARGET_NAME)";
				SWIFT_VERSION = 5.0;
				TARGETED_DEVICE_FAMILY = "1,2";
			};
			name = Debug;
		};
		6713DBB1257BA2B30068B394 /* Release */ = {
			isa = XCBuildConfiguration;
			buildSettings = {
				ASSETCATALOG_COMPILER_APPICON_NAME = AppIcon;
				ASSETCATALOG_COMPILER_GLOBAL_ACCENT_COLOR_NAME = AccentColor;
				CODE_SIGN_STYLE = Automatic;
				DEVELOPMENT_ASSET_PATHS = "\"UI-63/Preview Content\"";
				ENABLE_PREVIEWS = YES;
				INFOPLIST_FILE = "UI-63/Info.plist";
				IPHONEOS_DEPLOYMENT_TARGET = 14.0;
				LD_RUNPATH_SEARCH_PATHS = (
					"$(inherited)",
					"@executable_path/Frameworks",
				);
				PRODUCT_BUNDLE_IDENTIFIER = "com.uzu.UI-63";
				PRODUCT_NAME = "$(TARGET_NAME)";
				SWIFT_VERSION = 5.0;
				TARGETED_DEVICE_FAMILY = "1,2";
			};
			name = Release;
		};
		6713DBB3257BA2B30068B394 /* Debug */ = {
			isa = XCBuildConfiguration;
			buildSettings = {
				ALWAYS_EMBED_SWIFT_STANDARD_LIBRARIES = YES;
				BUNDLE_LOADER = "$(TEST_HOST)";
				CODE_SIGN_STYLE = Automatic;
				INFOPLIST_FILE = "UI-63Tests/Info.plist";
				IPHONEOS_DEPLOYMENT_TARGET = 14.0;
				LD_RUNPATH_SEARCH_PATHS = (
					"$(inherited)",
					"@executable_path/Frameworks",
					"@loader_path/Frameworks",
				);
				PRODUCT_BUNDLE_IDENTIFIER = "com.uzu.UI-63Tests";
				PRODUCT_NAME = "$(TARGET_NAME)";
				SWIFT_VERSION = 5.0;
				TARGETED_DEVICE_FAMILY = "1,2";
				TEST_HOST = "$(BUILT_PRODUCTS_DIR)/UI-63.app/UI-63";
			};
			name = Debug;
		};
		6713DBB4257BA2B30068B394 /* Release */ = {
			isa = XCBuildConfiguration;
			buildSettings = {
				ALWAYS_EMBED_SWIFT_STANDARD_LIBRARIES = YES;
				BUNDLE_LOADER = "$(TEST_HOST)";
				CODE_SIGN_STYLE = Automatic;
				INFOPLIST_FILE = "UI-63Tests/Info.plist";
				IPHONEOS_DEPLOYMENT_TARGET = 14.0;
				LD_RUNPATH_SEARCH_PATHS = (
					"$(inherited)",
					"@executable_path/Frameworks",
					"@loader_path/Frameworks",
				);
				PRODUCT_BUNDLE_IDENTIFIER = "com.uzu.UI-63Tests";
				PRODUCT_NAME = "$(TARGET_NAME)";
				SWIFT_VERSION = 5.0;
				TARGETED_DEVICE_FAMILY = "1,2";
				TEST_HOST = "$(BUILT_PRODUCTS_DIR)/UI-63.app/UI-63";
			};
			name = Release;
		};
		6713DBB6257BA2B30068B394 /* Debug */ = {
			isa = XCBuildConfiguration;
			buildSettings = {
				ALWAYS_EMBED_SWIFT_STANDARD_LIBRARIES = YES;
				CODE_SIGN_STYLE = Automatic;
				INFOPLIST_FILE = "UI-63UITests/Info.plist";
				LD_RUNPATH_SEARCH_PATHS = (
					"$(inherited)",
					"@executable_path/Frameworks",
					"@loader_path/Frameworks",
				);
				PRODUCT_BUNDLE_IDENTIFIER = "com.uzu.UI-63UITests";
				PRODUCT_NAME = "$(TARGET_NAME)";
				SWIFT_VERSION = 5.0;
				TARGETED_DEVICE_FAMILY = "1,2";
				TEST_TARGET_NAME = "UI-63";
			};
			name = Debug;
		};
		6713DBB7257BA2B30068B394 /* Release */ = {
			isa = XCBuildConfiguration;
			buildSettings = {
				ALWAYS_EMBED_SWIFT_STANDARD_LIBRARIES = YES;
				CODE_SIGN_STYLE = Automatic;
				INFOPLIST_FILE = "UI-63UITests/Info.plist";
				LD_RUNPATH_SEARCH_PATHS = (
					"$(inherited)",
					"@executable_path/Frameworks",
					"@loader_path/Frameworks",
				);
				PRODUCT_BUNDLE_IDENTIFIER = "com.uzu.UI-63UITests";
				PRODUCT_NAME = "$(TARGET_NAME)";
				SWIFT_VERSION = 5.0;
				TARGETED_DEVICE_FAMILY = "1,2";
				TEST_TARGET_NAME = "UI-63";
			};
			name = Release;
		};
/* End XCBuildConfiguration section */

/* Begin XCConfigurationList section */
		6713DB85257BA2B20068B394 /* Build configuration list for PBXProject "UI-63" */ = {
			isa = XCConfigurationList;
			buildConfigurations = (
				6713DBAD257BA2B30068B394 /* Debug */,
				6713DBAE257BA2B30068B394 /* Release */,
			);
			defaultConfigurationIsVisible = 0;
			defaultConfigurationName = Release;
		};
		6713DBAF257BA2B30068B394 /* Build configuration list for PBXNativeTarget "UI-63" */ = {
			isa = XCConfigurationList;
			buildConfigurations = (
				6713DBB0257BA2B30068B394 /* Debug */,
				6713DBB1257BA2B30068B394 /* Release */,
			);
			defaultConfigurationIsVisible = 0;
			defaultConfigurationName = Release;
		};
		6713DBB2257BA2B30068B394 /* Build configuration list for PBXNativeTarget "UI-63Tests" */ = {
			isa = XCConfigurationList;
			buildConfigurations = (
				6713DBB3257BA2B30068B394 /* Debug */,
				6713DBB4257BA2B30068B394 /* Release */,
			);
			defaultConfigurationIsVisible = 0;
			defaultConfigurationName = Release;
		};
		6713DBB5257BA2B30068B394 /* Build configuration list for PBXNativeTarget "UI-63UITests" */ = {
			isa = XCConfigurationList;
			buildConfigurations = (
				6713DBB6257BA2B30068B394 /* Debug */,
				6713DBB7257BA2B30068B394 /* Release */,
			);
			defaultConfigurationIsVisible = 0;
			defaultConfigurationName = Release;
		};
/* End XCConfigurationList section */
	};
	rootObject = 6713DB82257BA2B20068B394 /* Project object */;
}
